<?xml version="1.0" encoding="utf-8"?>
<Project ToolsVersion="4.0" xmlns="http://schemas.microsoft.com/developer/msbuild/2003">
  <ItemGroup>
    <Filter Include="Source Files">
      <UniqueIdentifier>{4FC737F1-C7A5-4376-A066-2A32D752A2FF}</UniqueIdentifier>
      <Extensions>cpp;c;cc;cxx;c++;cppm;ixx;def;odl;idl;hpj;bat;asm;asmx</Extensions>
    </Filter>
    <Filter Include="Source Files\gfx">
      <UniqueIdentifier>{D6707158-B6E4-4D0B-9E94-26A3A78CBDB4}</UniqueIdentifier>
    </Filter>
    <Filter Include="Source Files\terrain">
      <UniqueIdentifier>{0181E617-4D64-4D2F-A45B-8703F30D5E5D}</UniqueIdentifier>
    </Filter>
    <Filter Include="Source Files\water">
      <UniqueIdentifier>{E88E4A56-7A8F-49F6-8A5E-5D39C83CB95E}</UniqueIdentifier>
    </Filter>
    <Filter Include="Source Files\player">
      <UniqueIdentifier>{4A8C5593-5CD0-46F5-824B-66A1F5EC8F92}</UniqueIdentifier>
    </Filter>
    <Filter Include="Source Files\tools">
      <UniqueIdentifier>{E8ED9605-D86E-42F7-B447-B80E9009F4E4}</UniqueIdentifier>
    </Filter>
    <Filter Include="Source Files\ui">
      <UniqueIdentifier>{B5087B27-74E3-4A26-9EDB-A5823D6660DE}</UniqueIdentifier>
    </Filter>
    <Filter Include="Source Files\resources">
      <UniqueIdentifier>{5981F4CD-A50B-49A4-A6D4-D6786351C585}</UniqueIdentifier>
    </Filter>
    <Filter Include="Source Files\render">
      <UniqueIdentifier>{AB6EFCD8-5A34-4C77-B073-B3794D1FBC57}</UniqueIdentifier>
    </Filter>
    <Filter Include="Source Files\platform">
      <UniqueIdentifier>{AB9B4AB8-EA19-426E-A49A-6803E2AB5444}</UniqueIdentifier>
    </Filter>
    <Filter Include="Source Files\vegetation">
      <UniqueIdentifier>{E5472850-26E1-4BA9-8A68-5DF82E49E2E7}</UniqueIdentifier>
    </Filter>
    <Filter Include="Source Files\world">
      <UniqueIdentifier>{95136D40-F7B2-4E6E-98E3-A0B44A77A0E5}</UniqueIdentifier>
    </Filter>
    <Filter Include="Header Files">
      <UniqueIdentifier>{93995380-89BD-4b04-88EB-625FBE52EBFB}</UniqueIdentifier>
      <Extensions>h;hh;hpp;hxx;h++;hm;inl;inc;ipp;xsd</Extensions>
    </Filter>
    <Filter Include="Header Files\gfx">
      <UniqueIdentifier>{33595DA8-5A85-404C-B9B2-79A89047F521}</UniqueIdentifier>
    </Filter>
    <Filter Include="Header Files\terrain">
      <UniqueIdentifier>{5D8B56E9-0544-4313-B6A4-01F8DE2877D1}</UniqueIdentifier>
    </Filter>
    <Filter Include="Header Files\water">
      <UniqueIdentifier>{61220F9B-8F27-4914-9BC2-25720386C9B8}</UniqueIdentifier>
    </Filter>
    <Filter Include="Header Files\player">
      <UniqueIdentifier>{06B3E7A6-817E-420F-B968-E7E9A588F376}</UniqueIdentifier>
    </Filter>
    <Filter Include="Header Files\tools">
      <UniqueIdentifier>{0C936AD6-BF98-4A3F-BBA6-E2DC6D91883A}</UniqueIdentifier>
    </Filter>
    <Filter Include="Header Files\ui">
      <UniqueIdentifier>{A88CA271-4AF4-4D6E-B27C-D7911F0B00AA}</UniqueIdentifier>
    </Filter>
    <Filter Include="Header Files\resources">
      <UniqueIdentifier>{E6202DDE-BD32-4E6E-87E0-23D5A91A7AF7}</UniqueIdentifier>
    </Filter>
    <Filter Include="Header Files\render">
      <UniqueIdentifier>{E93A92E4-39A6-4EB6-8A48-3B2EB6616B91}</UniqueIdentifier>
    </Filter>
    <Filter Include="Header Files\platform">
      <UniqueIdentifier>{7D88A4D8-4208-42DB-A585-08A1524C0265}</UniqueIdentifier>
    </Filter>
    <Filter Include="Header Files\vegetation">
      <UniqueIdentifier>{C069D638-D505-4F9C-A120-635DBD6A2E64}</UniqueIdentifier>
    </Filter>
    <Filter Include="Header Files\world">
      <UniqueIdentifier>{17D8950D-6FA4-4523-BE9D-4BE70A9B3D91}</UniqueIdentifier>
    </Filter>
    <Filter Include="Resource Files">
      <UniqueIdentifier>{67DA6AB6-F800-4c08-8B7A-83BB121AAD01}</UniqueIdentifier>
      <Extensions>rc;ico;cur;bmp;dlg;rc2;rct;bin;rgs;gif;jpg;jpeg;jpe;resx;tiff;tif;png;wav;mfcribbon-ms</Extensions>
    </Filter>
  </ItemGroup>
  <ItemGroup>
    <ClCompile Include="src\main.cpp">
      <Filter>Source Files</Filter>
    </ClCompile>
    <ClCompile Include="src\pch.cpp">
      <Filter>Source Files</Filter>
    </ClCompile>
    <ClCompile Include="third_party\src\gl.cpp">
      <Filter>Source Files</Filter>
    </ClCompile>
    <ClCompile Include="src\Game.cpp">
      <Filter>Source Files</Filter>
    </ClCompile>
    <ClCompile Include="src\gfx\Shader.cpp">
      <Filter>Source Files\gfx</Filter>
    </ClCompile>
    <ClCompile Include="src\gfx\ShaderCompiler.cpp">
      <Filter>Source Files\gfx</Filter>
    </ClCompile>
    <ClCompile Include="src\gfx\ShaderPreprocessor.cpp">
      <Filter>Source Files\gfx</Filter>
    </ClCompile>
    <ClCompile Include="src\gfx\ShaderProgramCache.cpp">
      <Filter>Source Files\gfx</Filter>
    </ClCompile>
    <ClCompile Include="src\gfx\Mesh.cpp">
      <Filter>Source Files\gfx</Filter>
    </ClCompile>
    <ClCompile Include="src\gfx\Texture2D.cpp">
      <Filter>Source Files\gfx</Filter>
    </ClCompile>
    <ClCompile Include="src\terrain\TerrainChunk.cpp">
      <Filter>Source Files\terrain</Filter>
    </ClCompile>
    <ClCompile Include="src\terrain\TerrainGenerator.cpp">
      <Filter>Source Files\terrain</Filter>
    </ClCompile>
    <ClCompile Include="src\terrain\TerrainContour.cpp">
      <Filter>Source Files\terrain</Filter>
    </ClCompile>
    <ClCompile Include="src\terrain\TerrainBrushController.cpp">
      <Filter>Source Files\terrain</Filter>
    </ClCompile>
    <ClCompile Include="src\terrain\TerrainField.cpp">
      <Filter>Source Files\terrain</Filter>
    </ClCompile>
    <ClCompile Include="src\terrain\TerrainCollider.cpp">
      <Filter>Source Files\terrain</Filter>
    </ClCompile>
    <ClCompile Include="src\terrain\TerrainChunkGrid.cpp">
      <Filter>Source Files\terrain</Filter>
    </ClCompile>
    <ClCompile Include="src\terrain\TerrainRenderable.cpp">
      <Filter>Source Files\terrain</Filter>
    </ClCompile>
    <ClCompile Include="src\terrain\PlanetTerrain.cpp">
      <Filter>Source Files\terrain</Filter>
    </ClCompile>
    <ClCompile Include="src\terrain\TerrainSurfaceAttachmentSystem.cpp">
      <Filter>Source Files\terrain</Filter>
    </ClCompile>
    <ClCompile Include="src\terrain\TerrainGenerationCoordinator.cpp">
      <Filter>Source Files\terrain</Filter>
    </ClCompile>
    <ClCompile Include="src\terrain\TerrainMoistureSystem.cpp">
      <Filter>Source Files\terrain</Filter>
    </ClCompile>
    <ClCompile Include="src\water\WaterInteraction.cpp">
      <Filter>Source Files\water</Filter>
    </ClCompile>
    <ClCompile Include="src\water\WaterChunkSurface.cpp">
      <Filter>Source Files\water</Filter>
    </ClCompile>
    <ClCompile Include="src\water\WaterRenderable.cpp">
      <Filter>Source Files\water</Filter>
    </ClCompile>
    <ClCompile Include="src\water\TerrainWaterSystem.cpp">
      <Filter>Source Files\water</Filter>
    </ClCompile>
    <ClCompile Include="src\water\WaterSystem.cpp">
      <Filter>Source Files\water</Filter>
    </ClCompile>
    <ClCompile Include="src\player\Player.cpp">
      <Filter>Source Files\player</Filter>
    </ClCompile>
    <ClCompile Include="src\tools\SeedTool.cpp">
      <Filter>Source Files\tools</Filter>
    </ClCompile>
    <ClCompile Include="src\tools\TerrainSculptTool.cpp">
      <Filter>Source Files\tools</Filter>
    </ClCompile>
    <ClCompile Include="src\tools\TerrainTargetResolver.cpp">
      <Filter>Source Files\tools</Filter>
    </ClCompile>
    <ClCompile Include="src\tools\TerrainToolHudRenderer.cpp">
      <Filter>Source Files\tools</Filter>
    </ClCompile>
    <ClCompile Include="src\tools\TerrainToolController.cpp">
      <Filter>Source Files\tools</Filter>
    </ClCompile>
    <ClCompile Include="src\tools\ToolUpgradeModel.cpp">
      <Filter>Source Files\tools</Filter>
    </ClCompile>
    <ClCompile Include="src\tools\WaterTool.cpp">
      <Filter>Source Files\tools</Filter>
    </ClCompile>
    <ClCompile Include="src\ui\InventoryHud.cpp">
      <Filter>Source Files\ui</Filter>
    </ClCompile>
    <ClCompile Include="src\ui\UpgradeMenu.cpp">
      <Filter>Source Files\ui</Filter>
    </ClCompile>
    <ClCompile Include="src\ui\GoalProgressHud.cpp">
      <Filter>Source Files\ui</Filter>
    </ClCompile>
    <ClCompile Include="src\ui\TutorialOverlay.cpp">
      <Filter>Source Files\ui</Filter>
    </ClCompile>
    <ClCompile Include="src\ui\UiFont.cpp">
      <Filter>Source Files\ui</Filter>
    </ClCompile>
    <ClCompile Include="src\resources\ResourceSystem.cpp">
      <Filter>Source Files\resources</Filter>
    </ClCompile>
    <ClCompile Include="src\render\CameraController.cpp">
      <Filter>Source Files\render</Filter>
    </ClCompile>
    <ClCompile Include="src\render\InstancedSpriteBatch.cpp">
      <Filter>Source Files\render</Filter>
    </ClCompile>
    <ClCompile Include="src\render\ResourceRenderer.cpp">
      <Filter>Source Files\render</Filter>
    </ClCompile>
    <ClCompile Include="src\render\ToolPreviewRenderer.cpp">
      <Filter>Source Files\render</Filter>
    </ClCompile>
    <ClCompile Include="src\render\VegetationRenderer.cpp">
      <Filter>Source Files\render</Filter>
    </ClCompile>
    <ClCompile Include="src\render\WorldRenderer.cpp">
      <Filter>Source Files\render</Filter>
    </ClCompile>
    <ClCompile Include="src\platform\InputSystem.cpp">
      <Filter>Source Files\platform</Filter>
    </ClCompile>
    <ClCompile Include="src\vegetation\VegetationSystem.cpp">
      <Filter>Source Files\vegetation</Filter>
    </ClCompile>
    <ClCompile Include="src\world\World.cpp">
      <Filter>Source Files\world</Filter>
    </ClCompile>
    <ClCompile Include="src\world\PlanetRestorationGoal.cpp">
      <Filter>Source Files\world</Filter>
    </ClCompile>
  </ItemGroup>
  <ItemGroup>
    <ClInclude Include="src\pch.hpp">
      <Filter>Header Files</Filter>
    </ClInclude>
    <ClInclude Include="src\Game.hpp">
      <Filter>Header Files</Filter>
    </ClInclude>
    <ClInclude Include="src\GameObject.hpp">
      <Filter>Header Files</Filter>
    </ClInclude>
    <ClInclude Include="src\gfx\Shader.hpp">
      <Filter>Header Files\gfx</Filter>
    </ClInclude>
    <ClInclude Include="src\gfx\ShaderCompiler.hpp">
      <Filter>Header Files\gfx</Filter>
    </ClInclude>
    <ClInclude Include="src\gfx\ShaderPreprocessor.hpp">
      <Filter>Header Files\gfx</Filter>
    </ClInclude>
    <ClInclude Include="src\gfx\ShaderProgram.hpp">
      <Filter>Header Files\gfx</Filter>
    </ClInclude>
    <ClInclude Include="src\gfx\ShaderProgramCache.hpp">
      <Filter>Header Files\gfx</Filter>
    </ClInclude>
    <ClInclude Include="src\gfx\SSBO.hpp">
      <Filter>Header Files\gfx</Filter>
    </ClInclude>
    <ClInclude Include="src\gfx\ComputeDispatcher.hpp">
      <Filter>Header Files\gfx</Filter>
    </ClInclude>
    <ClInclude Include="src\gfx\AlphaBlendPass.hpp">
      <Filter>Header Files\gfx</Filter>
    </ClInclude>
    <ClInclude Include="src\gfx\GlHandle.hpp">
      <Filter>Header Files\gfx</Filter>
    </ClInclude>
    <ClInclude Include="src\gfx\Mesh.hpp">
      <Filter>Header Files\gfx</Filter>
    </ClInclude>
    <ClInclude Include="src\gfx\MeshBuilders.hpp">
      <Filter>Header Files\gfx</Filter>
    </ClInclude>
    <ClInclude Include="src\gfx\Projection.hpp">
      <Filter>Header Files\gfx</Filter>
    </ClInclude>
    <ClInclude Include="src\gfx\Texture2D.hpp">
      <Filter>Header Files\gfx</Filter>
    </ClInclude>
    <ClInclude Include="src\terrain\TerrainChunk.hpp">
      <Filter>Header Files\terrain</Filter>
    </ClInclude>
    <ClInclude Include="src\terrain\ChunkSettings.hpp">
      <Filter>Header Files\terrain</Filter>
    </ClInclude>
    <ClInclude Include="src\terrain\TerrainConstants.hpp">
      <Filter>Header Files\terrain</Filter>
    </ClInclude>
    <ClInclude Include="src\terrain\TerrainGenerator.hpp">
      <Filter>Header Files\terrain</Filter>
    </ClInclude>
    <ClInclude Include="src\terrain\TerrainGridMath.hpp">
      <Filter>Header Files\terrain</Filter>
    </ClInclude>
    <ClInclude Include="src\terrain\TerrainGreennessSystem.hpp">
      <Filter>Header Files\terrain</Filter>
    </ClInclude>
    <ClInclude Include="src\terrain\TerrainBrushSystem.hpp">
      <Filter>Header Files\terrain</Filter>
    </ClInclude>
    <ClInclude Include="src\terrain\TerrainResourceSpawner.hpp">
      <Filter>Header Files\terrain</Filter>
    </ClInclude>
    <ClInclude Include="src\terrain\TerrainContour.hpp">
      <Filter>Header Files\terrain</Filter>
    </ClInclude>
    <ClInclude Include="src\terrain\TerrainCollider.hpp">
      <Filter>Header Files\terrain</Filter>
    </ClInclude>
    <ClInclude Include="src\terrain\TerrainRenderable.hpp">
      <Filter>Header Files\terrain</Filter>
    </ClInclude>
    <ClInclude Include="src\terrain\PlanetTerrain.hpp">
      <Filter>Header Files\terrain</Filter>
    </ClInclude>
    <ClInclude Include="src\terrain\TerrainField.hpp">
      <Filter>Header Files\terrain</Filter>
    </ClInclude>
    <ClInclude Include="src\terrain\TerrainFieldSample.hpp">
      <Filter>Header Files\terrain</Filter>
    </ClInclude>
    <ClInclude Include="src\terrain\TerrainChunkGrid.hpp">
      <Filter>Header Files\terrain</Filter>
    </ClInclude>
    <ClInclude Include="src\terrain\TerrainBrushController.hpp">
      <Filter>Header Files\terrain</Filter>
    </ClInclude>
    <ClInclude Include="src\terrain\TerrainWetnessSystem.hpp">
      <Filter>Header Files\terrain</Filter>
    </ClInclude>
    <ClInclude Include="src\terrain\TerrainSurfaceAttachmentSystem.hpp">
      <Filter>Header Files\terrain</Filter>
    </ClInclude>
    <ClInclude Include="src\terrain\TerrainResourceNoise.hpp">
      <Filter>Header Files\terrain</Filter>
    </ClInclude>
    <ClInclude Include="src\terrain\TerrainResourcePlacement.hpp">
      <Filter>Header Files\terrain</Filter>
    </ClInclude>
    <ClInclude Include="src\terrain\TerrainGenerationCoordinator.hpp">
      <Filter>Header Files\terrain</Filter>
    </ClInclude>
    <ClInclude Include="src\terrain\TerrainMoistureSystem.hpp">
      <Filter>Header Files\terrain</Filter>
    </ClInclude>
    <ClInclude Include="src\water\WaterInteraction.hpp">
      <Filter>Header Files\water</Filter>
    </ClInclude>
    <ClInclude Include="src\water\WaterChunkSurface.hpp">
      <Filter>Header Files\water</Filter>
    </ClInclude>
    <ClInclude Include="src\water\WaterRenderable.hpp">
      <Filter>Header Files\water</Filter>
    </ClInclude>
    <ClInclude Include="src\water\TerrainWaterSystem.hpp">
      <Filter>Header Files\water</Filter>
    </ClInclude>
    <ClInclude Include="src\water\WaterSystem.hpp">
      <Filter>Header Files\water</Filter>
    </ClInclude>
    <ClInclude Include="src\player\Player.hpp">
      <Filter>Header Files\player</Filter>
    </ClInclude>
    <ClInclude Include="src\tools\SeedTool.hpp">
      <Filter>Header Files\tools</Filter>
    </ClInclude>
    <ClInclude Include="src\tools\TerrainToolHudRenderer.hpp">
      <Filter>Header Files\tools</Filter>
    </ClInclude>
    <ClInclude Include="src\tools\TerrainSculptTool.hpp">
      <Filter>Header Files\tools</Filter>
    </ClInclude>
    <ClInclude Include="src\tools\TerrainTargetResolver.hpp">
      <Filter>Header Files\tools</Filter>
    </ClInclude>
    <ClInclude Include="src\tools\TerrainToolController.hpp">
      <Filter>Header Files\tools</Filter>
    </ClInclude>
    <ClInclude Include="src\tools\ToolProgression.hpp">
      <Filter>Header Files\tools</Filter>
    </ClInclude>
    <ClInclude Include="src\tools\ToolUpgradeModel.hpp">
      <Filter>Header Files\tools</Filter>
    </ClInclude>
    <ClInclude Include="src\tools\TerrainTool.hpp">
      <Filter>Header Files\tools</Filter>
    </ClInclude>
    <ClInclude Include="src\tools\WaterTool.hpp">
      <Filter>Header Files\tools</Filter>
    </ClInclude>
    <ClInclude Include="src\ui\InventoryHud.hpp">
      <Filter>Header Files\ui</Filter>
    </ClInclude>
    <ClInclude Include="src\ui\UpgradeMenu.hpp">
      <Filter>Header Files\ui</Filter>
    </ClInclude>
    <ClInclude Include="src\ui\GoalProgressHud.hpp">
      <Filter>Header Files\ui</Filter>
    </ClInclude>
    <ClInclude Include="src\ui\TutorialOverlay.hpp">
      <Filter>Header Files\ui</Filter>
    </ClInclude>
    <ClInclude Include="src\ui\UiFont.hpp">
      <Filter>Header Files\ui</Filter>
    </ClInclude>
    <ClInclude Include="src\resources\Inventory.hpp">
      <Filter>Header Files\resources</Filter>
    </ClInclude>
    <ClInclude Include="src\resources\ResourceNode.hpp">
      <Filter>Header Files\resources</Filter>
    </ClInclude>
    <ClInclude Include="src\resources\ResourceSystem.hpp">
      <Filter>Header Files\resources</Filter>
    </ClInclude>
    <ClInclude Include="src\render\ResourceRenderer.hpp">
      <Filter>Header Files\render</Filter>
    </ClInclude>
    <ClInclude Include="src\render\CameraController.hpp">
      <Filter>Header Files\render</Filter>
    </ClInclude>
    <ClInclude Include="src\render\InstancedSpriteBatch.hpp">
      <Filter>Header Files\render</Filter>
    </ClInclude>
    <ClInclude Include="src\render\ToolPreviewRenderer.hpp">
      <Filter>Header Files\render</Filter>
    </ClInclude>
    <ClInclude Include="src\render\VegetationRenderer.hpp">
      <Filter>Header Files\render</Filter>
    </ClInclude>
    <ClInclude Include="src\render\WorldRenderer.hpp">
      <Filter>Header Files\render</Filter>
    </ClInclude>
    <ClInclude Include="src\platform\InputSystem.hpp">
      <Filter>Header Files\platform</Filter>
    </ClInclude>
    <ClInclude Include="src\vegetation\Plant.hpp">
      <Filter>Header Files\vegetation</Filter>
    </ClInclude>
    <ClInclude Include="src\vegetation\VegetationSystem.hpp">
      <Filter>Header Files\vegetation</Filter>
    </ClInclude>
    <ClInclude Include="src\world\World.hpp">
      <Filter>Header Files\world</Filter>
    </ClInclude>
    <ClInclude Include="src\world\PlanetRestorationGoal.hpp">
      <Filter>Header Files\world</Filter>
    </ClInclude>
    <ClInclude Include="src\core\Log.hpp">
      <Filter>Header Files</Filter>
    </ClInclude>
    <ClInclude Include="src\core\Result.hpp">
      <Filter>Header Files</Filter>
    </ClInclude>
    <ClInclude Include="src\core\Utils.hpp">
      <Filter>Header Files</Filter>
    </ClInclude>
  </ItemGroup>
  <ItemGroup>
    <None Include=".gitignore" />
    <None Include="assets\shaders\render\default.vert" />
    <None Include="assets\shaders\render\resource_instances.frag" />
    <None Include="assets\shaders\render\resource_instances.vert" />
    <None Include="assets\shaders\terrain\cave_gen.comp" />
    <None Include="assets\shaders\terrain\cave_slots.glsl" />
    <None Include="assets\shaders\terrain\chunk_edges_gen.comp" />
    <None Include="assets\shaders\terrain\chunk_mesh_gen.comp" />
    <None Include="assets\shaders\terrain\field_sampling.glsl" />
    <None Include="assets\shaders\terrain\noise.glsl" />
    <None Include="assets\shaders\terrain\pond_gen.comp" />
    <None Include="assets\shaders\terrain\surface_profile.glsl" />
    <None Include="assets\shaders\terrain\terrain_gen.comp" />
    <None Include="assets\shaders\terrain\terrain_mesh.frag" />
    <None Include="assets\shaders\water\water_mesh.frag" />
    <None Include="assets\images\tutorial.png">
      <Filter>Resource Files</Filter>
    </None>
  </ItemGroup>
</Project>
