<?xml version="1.0" encoding="utf-8"?>
<Project ToolsVersion="4.0" xmlns="http://schemas.microsoft.com/developer/msbuild/2003">
  <ItemGroup>
    <Filter Include="Source Files">
      <UniqueIdentifier>{4FC737F1-C7A5-4376-A066-2A32D752A2FF}</UniqueIdentifier>
      <Extensions>cpp;c;cc;cxx;c++;cppm;ixx;def;odl;idl;hpj;bat;asm;asmx</Extensions>
    </Filter>
    <Filter Include="Source Files\gfx">
      <UniqueIdentifier>{D6707158-B6E4-4D0B-9E94-26A3A78CBDB4}</UniqueIdentifier>
    </Filter>
    <Filter Include="Source Files\terrain">
      <UniqueIdentifier>{0181E617-4D64-4D2F-A45B-8703F30D5E5D}</UniqueIdentifier>
    </Filter>
    <Filter Include="Source Files\water">
      <UniqueIdentifier>{E88E4A56-7A8F-49F6-8A5E-5D39C83CB95E}</UniqueIdentifier>
    </Filter>
    <Filter Include="Source Files\player">
      <UniqueIdentifier>{4A8C5593-5CD0-46F5-824B-66A1F5EC8F92}</UniqueIdentifier>
    </Filter>
    <Filter Include="Source Files\tools">
      <UniqueIdentifier>{E8ED9605-D86E-42F7-B447-B80E9009F4E4}</UniqueIdentifier>
    </Filter>
    <Filter Include="Header Files">
      <UniqueIdentifier>{93995380-89BD-4b04-88EB-625FBE52EBFB}</UniqueIdentifier>
      <Extensions>h;hh;hpp;hxx;h++;hm;inl;inc;ipp;xsd</Extensions>
    </Filter>
    <Filter Include="Header Files\gfx">
      <UniqueIdentifier>{33595DA8-5A85-404C-B9B2-79A89047F521}</UniqueIdentifier>
    </Filter>
    <Filter Include="Header Files\terrain">
      <UniqueIdentifier>{5D8B56E9-0544-4313-B6A4-01F8DE2877D1}</UniqueIdentifier>
    </Filter>
    <Filter Include="Header Files\water">
      <UniqueIdentifier>{61220F9B-8F27-4914-9BC2-25720386C9B8}</UniqueIdentifier>
    </Filter>
    <Filter Include="Header Files\player">
      <UniqueIdentifier>{06B3E7A6-817E-420F-B968-E7E9A588F376}</UniqueIdentifier>
    </Filter>
    <Filter Include="Header Files\tools">
      <UniqueIdentifier>{0C936AD6-BF98-4A3F-BBA6-E2DC6D91883A}</UniqueIdentifier>
    </Filter>
    <Filter Include="Resource Files">
      <UniqueIdentifier>{67DA6AB6-F800-4c08-8B7A-83BB121AAD01}</UniqueIdentifier>
      <Extensions>rc;ico;cur;bmp;dlg;rc2;rct;bin;rgs;gif;jpg;jpeg;jpe;resx;tiff;tif;png;wav;mfcribbon-ms</Extensions>
    </Filter>
  </ItemGroup>
  <ItemGroup>
    <ClCompile Include="src\main.cpp">
      <Filter>Source Files</Filter>
    </ClCompile>
    <ClCompile Include="src\pch.cpp">
      <Filter>Source Files</Filter>
    </ClCompile>
    <ClCompile Include="third_party\src\gl.cpp">
      <Filter>Source Files</Filter>
    </ClCompile>
    <ClCompile Include="src\Game.cpp">
      <Filter>Source Files</Filter>
    </ClCompile>
    <ClCompile Include="src\Input.cpp">
      <Filter>Source Files</Filter>
    </ClCompile>
    <ClCompile Include="src\gfx\Shader.cpp">
      <Filter>Source Files\gfx</Filter>
    </ClCompile>
    <ClCompile Include="src\gfx\Mesh.cpp">
      <Filter>Source Files\gfx</Filter>
    </ClCompile>
    <ClCompile Include="src\gfx\Texture2D.cpp">
      <Filter>Source Files\gfx</Filter>
    </ClCompile>
    <ClCompile Include="src\terrain\TerrainChunk.cpp">
      <Filter>Source Files\terrain</Filter>
    </ClCompile>
    <ClCompile Include="src\terrain\TerrainGenerator.cpp">
      <Filter>Source Files\terrain</Filter>
    </ClCompile>
    <ClCompile Include="src\terrain\TerrainContour.cpp">
      <Filter>Source Files\terrain</Filter>
    </ClCompile>
    <ClCompile Include="src\terrain\TerrainCollider.cpp">
      <Filter>Source Files\terrain</Filter>
    </ClCompile>
    <ClCompile Include="src\terrain\TerrainRenderable.cpp">
      <Filter>Source Files\terrain</Filter>
    </ClCompile>
    <ClCompile Include="src\terrain\PlanetTerrain.cpp">
      <Filter>Source Files\terrain</Filter>
    </ClCompile>
    <ClCompile Include="src\water\WaterRenderable.cpp">
      <Filter>Source Files\water</Filter>
    </ClCompile>
    <ClCompile Include="src\player\Player.cpp">
      <Filter>Source Files\player</Filter>
    </ClCompile>
    <ClCompile Include="src\tools\TerrainSculptTool.cpp">
      <Filter>Source Files\tools</Filter>
    </ClCompile>
    <ClCompile Include="src\tools\TerrainTargetResolver.cpp">
      <Filter>Source Files\tools</Filter>
    </ClCompile>
    <ClCompile Include="src\tools\TerrainToolController.cpp">
      <Filter>Source Files\tools</Filter>
    </ClCompile>
    <ClCompile Include="src\tools\WaterTool.cpp">
      <Filter>Source Files\tools</Filter>
    </ClCompile>
  </ItemGroup>
  <ItemGroup>
    <ClInclude Include="src\pch.hpp">
      <Filter>Header Files</Filter>
    </ClInclude>
    <ClInclude Include="src\Game.hpp">
      <Filter>Header Files</Filter>
    </ClInclude>
    <ClInclude Include="src\GameObject.hpp">
      <Filter>Header Files</Filter>
    </ClInclude>
    <ClInclude Include="src\Input.hpp">
      <Filter>Header Files</Filter>
    </ClInclude>
    <ClInclude Include="src\gfx\Shader.hpp">
      <Filter>Header Files\gfx</Filter>
    </ClInclude>
    <ClInclude Include="src\gfx\SSBO.hpp">
      <Filter>Header Files\gfx</Filter>
    </ClInclude>
    <ClInclude Include="src\gfx\ComputeDispatcher.hpp">
      <Filter>Header Files\gfx</Filter>
    </ClInclude>
    <ClInclude Include="src\gfx\Mesh.hpp">
      <Filter>Header Files\gfx</Filter>
    </ClInclude>
    <ClInclude Include="src\gfx\Projection.hpp">
      <Filter>Header Files\gfx</Filter>
    </ClInclude>
    <ClInclude Include="src\gfx\Texture2D.hpp">
      <Filter>Header Files\gfx</Filter>
    </ClInclude>
    <ClInclude Include="src\terrain\TerrainChunk.hpp">
      <Filter>Header Files\terrain</Filter>
    </ClInclude>
    <ClInclude Include="src\terrain\ChunkSettings.hpp">
      <Filter>Header Files\terrain</Filter>
    </ClInclude>
    <ClInclude Include="src\terrain\TerrainGenerator.hpp">
      <Filter>Header Files\terrain</Filter>
    </ClInclude>
    <ClInclude Include="src\terrain\TerrainContour.hpp">
      <Filter>Header Files\terrain</Filter>
    </ClInclude>
    <ClInclude Include="src\terrain\TerrainCollider.hpp">
      <Filter>Header Files\terrain</Filter>
    </ClInclude>
    <ClInclude Include="src\terrain\TerrainRenderable.hpp">
      <Filter>Header Files\terrain</Filter>
    </ClInclude>
    <ClInclude Include="src\terrain\PlanetTerrain.hpp">
      <Filter>Header Files\terrain</Filter>
    </ClInclude>
    <ClInclude Include="src\water\WaterRenderable.hpp">
      <Filter>Header Files\water</Filter>
    </ClInclude>
    <ClInclude Include="src\player\Player.hpp">
      <Filter>Header Files\player</Filter>
    </ClInclude>
    <ClInclude Include="src\tools\TerrainSculptTool.hpp">
      <Filter>Header Files\tools</Filter>
    </ClInclude>
    <ClInclude Include="src\tools\TerrainTargetResolver.hpp">
      <Filter>Header Files\tools</Filter>
    </ClInclude>
    <ClInclude Include="src\tools\TerrainToolController.hpp">
      <Filter>Header Files\tools</Filter>
    </ClInclude>
    <ClInclude Include="src\tools\ToolStrategy.hpp">
      <Filter>Header Files\tools</Filter>
    </ClInclude>
    <ClInclude Include="src\tools\WaterTool.hpp">
      <Filter>Header Files\tools</Filter>
    </ClInclude>
  </ItemGroup>
  <ItemGroup>
    <None Include=".gitignore" />
    <None Include="assets\shaders\terrain_gen.comp" />
    <None Include="assets\shaders\terrain_edit.comp" />
    <None Include="assets\shaders\chunk_mesh_gen.comp" />
    <None Include="assets\shaders\chunk_edges_gen.comp" />
    <None Include="assets\shaders\terrain_mesh.vert" />
    <None Include="assets\shaders\terrain_mesh.frag" />
    <None Include="assets\shaders\water_mesh.vert" />
    <None Include="assets\shaders\water_mesh.frag" />
  </ItemGroup>
</Project>
